{
  "version": 4,
  "terraform_version": "1.0.11",
  "serial": 30,
  "lineage": "8078bc34-7b89-4f9a-9a8c-ff642011937c",
  "outputs": {},
  "resources": [
    {
      "mode": "data",
      "type": "huaweicloud_availability_zones",
      "name": "myaz",
      "provider": "provider[\"registry.terraform.io/huaweicloud/huaweicloud\"]",
      "instances": [
        {
          "schema_version": 0,
          "attributes": {
            "id": "1892796792",
            "names": [
              "ap-southeast-3a",
              "ap-southeast-3b",
              "ap-southeast-3c"
            ],
            "region": null,
            "state": "available"
          },
          "sensitive_attributes": []
        }
      ]
    },
    {
      "mode": "managed",
      "type": "huaweicloud_networking_secgroup",
      "name": "mysecgroup",
      "provider": "provider[\"registry.terraform.io/huaweicloud/huaweicloud\"]",
      "instances": [
        {
          "schema_version": 0,
          "attributes": {
            "delete_default_rules": true,
            "description": "My security group",
            "enterprise_project_id": "0",
            "id": "c3bad0a5-6766-435d-81a9-e3883ba3e2f4",
            "name": "secgroup",
            "region": "ap-southeast-3",
            "tenant_id": null,
            "timeouts": null
          },
          "sensitive_attributes": [],
          "private": "eyJlMmJmYjczMC1lY2FhLTExZTYtOGY4OC0zNDM2M2JjN2M0YzAiOnsiZGVsZXRlIjo2MDAwMDAwMDAwMDB9fQ=="
        }
      ]
    },
    {
      "mode": "managed",
      "type": "huaweicloud_networking_secgroup_rule",
      "name": "secgroup_rule",
      "provider": "provider[\"registry.terraform.io/huaweicloud/huaweicloud\"]",
      "instances": [
        {
          "schema_version": 0,
          "attributes": {
            "description": "",
            "direction": "ingress",
            "ethertype": "IPv4",
            "id": "bed8ff6a-1374-4a3b-93d8-358e8317de21",
            "port_range_max": 22,
            "port_range_min": 22,
            "protocol": "tcp",
            "region": "ap-southeast-3",
            "remote_group_id": "",
            "remote_ip_prefix": "0.0.0.0/0",
            "security_group_id": "c3bad0a5-6766-435d-81a9-e3883ba3e2f4",
            "tenant_id": "0f1dc7cf2e00f3f82f05c01c3f05d08b",
            "timeouts": null
          },
          "sensitive_attributes": [],
          "private": "eyJlMmJmYjczMC1lY2FhLTExZTYtOGY4OC0zNDM2M2JjN2M0YzAiOnsiZGVsZXRlIjo2MDAwMDAwMDAwMDB9fQ==",
          "dependencies": [
            "huaweicloud_networking_secgroup.mysecgroup"
          ]
        }
      ]
    },
    {
      "mode": "managed",
      "type": "huaweicloud_vpc",
      "name": "vpc",
      "provider": "provider[\"registry.terraform.io/huaweicloud/huaweicloud\"]",
      "instances": [
        {
          "schema_version": 0,
          "attributes": {
            "cidr": "192.168.0.0/16",
            "enterprise_project_id": "0",
            "id": "7617fd21-aff9-4ad3-bced-b08e77b095ce",
            "name": "vpc-web",
            "region": "ap-southeast-3",
            "routes": [],
            "shared": null,
            "status": "OK",
            "tags": {},
            "timeouts": null
          },
          "sensitive_attributes": [],
          "private": "eyJlMmJmYjczMC1lY2FhLTExZTYtOGY4OC0zNDM2M2JjN2M0YzAiOnsiY3JlYXRlIjo2MDAwMDAwMDAwMDAsImRlbGV0ZSI6MTgwMDAwMDAwMDAwfX0="
        }
      ]
    },
    {
      "mode": "managed",
      "type": "huaweicloud_vpc_subnet",
      "name": "mysubnet",
      "provider": "provider[\"registry.terraform.io/huaweicloud/huaweicloud\"]",
      "instances": [
        {
          "schema_version": 0,
          "attributes": {
            "availability_zone": "",
            "cidr": "192.168.10.0/24",
            "dhcp_enable": true,
            "dns_list": [
              "100.125.1.250",
              "100.125.129.250"
            ],
            "gateway_ip": "192.168.10.1",
            "id": "dde0b22a-93a5-4cb7-8b20-c48053637c98",
            "ipv6_cidr": "",
            "ipv6_enable": false,
            "ipv6_gateway": "",
            "ipv6_subnet_id": "",
            "name": "subnet-web",
            "primary_dns": "100.125.1.250",
            "region": "ap-southeast-3",
            "secondary_dns": "100.125.129.250",
            "subnet_id": "fab0a59d-8379-4307-9666-273df91e2148",
            "tags": {},
            "timeouts": null,
            "vpc_id": "7617fd21-aff9-4ad3-bced-b08e77b095ce"
          },
          "sensitive_attributes": [],
          "private": "eyJlMmJmYjczMC1lY2FhLTExZTYtOGY4OC0zNDM2M2JjN2M0YzAiOnsiY3JlYXRlIjo2MDAwMDAwMDAwMDAsImRlbGV0ZSI6NjAwMDAwMDAwMDAwfX0=",
          "dependencies": [
            "huaweicloud_vpc.vpc"
          ]
        }
      ]
    },
    {
      "mode": "managed",
      "type": "random_password",
      "name": "mypassword",
      "provider": "provider[\"registry.terraform.io/hashicorp/random\"]",
      "instances": [
        {
          "schema_version": 0,
          "attributes": {
            "id": "none",
            "keepers": null,
            "length": 12,
            "lower": true,
            "min_lower": 0,
            "min_numeric": 0,
            "min_special": 0,
            "min_upper": 0,
            "number": true,
            "override_special": "!@#%^*-_=+",
            "result": "xN@w-_+H-nh-",
            "special": true,
            "upper": true
          },
          "sensitive_attributes": [],
          "private": "bnVsbA=="
        }
      ]
    }
  ]
}
